// !$*UTF8*$!
{
	archiveVersion = 1;
	classes = {
	};
	objectVersion = 48;
	objects = {

/* Begin PBXBuildFile section */
		2C2961D61FFC69E10029FE99 /* Blocker.swift in Sources */ = {isa = PBXBuildFile; fileRef = 2C2961D51FFC69E10029FE99 /* Blocker.swift */; };
		2C68BD851FFC138A0066C9A9 /* AppDelegate.swift in Sources */ = {isa = PBXBuildFile; fileRef = 2C68BD841FFC138A0066C9A9 /* AppDelegate.swift */; };
		2C68BD871FFC138A0066C9A9 /* ViewController.swift in Sources */ = {isa = PBXBuildFile; fileRef = 2C68BD861FFC138A0066C9A9 /* ViewController.swift */; };
		2C68BD8A1FFC138A0066C9A9 /* Main.storyboard in Resources */ = {isa = PBXBuildFile; fileRef = 2C68BD881FFC138A0066C9A9 /* Main.storyboard */; };
		2C68BD8C1FFC138A0066C9A9 /* Assets.xcassets in Resources */ = {isa = PBXBuildFile; fileRef = 2C68BD8B1FFC138A0066C9A9 /* Assets.xcassets */; };
		2C68BD8F1FFC138A0066C9A9 /* LaunchScreen.storyboard in Resources */ = {isa = PBXBuildFile; fileRef = 2C68BD8D1FFC138A0066C9A9 /* LaunchScreen.storyboard */; };
/* End PBXBuildFile section */

/* Begin PBXFileReference section */
		2C2961D51FFC69E10029FE99 /* Blocker.swift */ = {isa = PBXFileReference; lastKnownFileType = sourcecode.swift; path = Blocker.swift; sourceTree = "<group>"; };
		2C68BD811FFC138A0066C9A9 /* Filtering WkView.app */ = {isa = PBXFileReference; explicitFileType = wrapper.application; includeInIndex = 0; path = "Filtering WkView.app"; sourceTree = BUILT_PRODUCTS_DIR; };
		2C68BD841FFC138A0066C9A9 /* AppDelegate.swift */ = {isa = PBXFileReference; lastKnownFileType = sourcecode.swift; path = AppDelegate.swift; sourceTree = "<group>"; };
		2C68BD861FFC138A0066C9A9 /* ViewController.swift */ = {isa = PBXFileReference; lastKnownFileType = sourcecode.swift; path = ViewController.swift; sourceTree = "<group>"; };
		2C68BD891FFC138A0066C9A9 /* Base */ = {isa = PBXFileReference; lastKnownFileType = file.storyboard; name = Base; path = Base.lproj/Main.storyboard; sourceTree = "<group>"; };
		2C68BD8B1FFC138A0066C9A9 /* Assets.xcassets */ = {isa = PBXFileReference; lastKnownFileType = folder.assetcatalog; path = Assets.xcassets; sourceTree = "<group>"; };
		2C68BD8E1FFC138A0066C9A9 /* Base */ = {isa = PBXFileReference; lastKnownFileType = file.storyboard; name = Base; path = Base.lproj/LaunchScreen.storyboard; sourceTree = "<group>"; };
		2C68BD901FFC138A0066C9A9 /* Info.plist */ = {isa = PBXFileReference; lastKnownFileType = text.plist.xml; path = Info.plist; sourceTree = "<group>"; };
/* End PBXFileReference section */

/* Begin PBXFrameworksBuildPhase section */
		2C68BD7E1FFC138A0066C9A9 /* Frameworks */ = {
			isa = PBXFrameworksBuildPhase;
			buildActionMask = 2147483647;
			files = (
			);
			runOnlyForDeploymentPostprocessing = 0;
		};
/* End PBXFrameworksBuildPhase section */

/* Begin PBXGroup section */
		2C2961D41FFC699A0029FE99 /* Blocker */ = {
			isa = PBXGroup;
			children = (
				2C2961D51FFC69E10029FE99 /* Blocker.swift */,
			);
			path = Blocker;
			sourceTree = "<group>";
		};
		2C68BD781FFC138A0066C9A9 = {
			isa = PBXGroup;
			children = (
				2C68BD831FFC138A0066C9A9 /* Filtering WkView */,
				2C68BD821FFC138A0066C9A9 /* Products */,
			);
			sourceTree = "<group>";
		};
		2C68BD821FFC138A0066C9A9 /* Products */ = {
			isa = PBXGroup;
			children = (
				2C68BD811FFC138A0066C9A9 /* Filtering WkView.app */,
			);
			name = Products;
			sourceTree = "<group>";
		};
		2C68BD831FFC138A0066C9A9 /* Filtering WkView */ = {
			isa = PBXGroup;
			children = (
				2C2961D41FFC699A0029FE99 /* Blocker */,
				2C68BD841FFC138A0066C9A9 /* AppDelegate.swift */,
				2C68BD861FFC138A0066C9A9 /* ViewController.swift */,
				2C68BD881FFC138A0066C9A9 /* Main.storyboard */,
				2C68BD8B1FFC138A0066C9A9 /* Assets.xcassets */,
				2C68BD8D1FFC138A0066C9A9 /* LaunchScreen.storyboard */,
				2C68BD901FFC138A0066C9A9 /* Info.plist */,
			);
			path = "Filtering WkView";
			sourceTree = "<group>";
		};
/* End PBXGroup section */

/* Begin PBXNativeTarget section */
		2C68BD801FFC138A0066C9A9 /* Filtering WkView */ = {
			isa = PBXNativeTarget;
			buildConfigurationList = 2C68BD931FFC138A0066C9A9 /* Build configuration list for PBXNativeTarget "Filtering WkView" */;
			buildPhases = (
				2C68BD7D1FFC138A0066C9A9 /* Sources */,
				2C68BD7E1FFC138A0066C9A9 /* Frameworks */,
				2C68BD7F1FFC138A0066C9A9 /* Resources */,
			);
			buildRules = (
			);
			dependencies = (
			);
			name = "Filtering WkView";
			productName = "Filtering WkView";
			productReference = 2C68BD811FFC138A0066C9A9 /* Filtering WkView.app */;
			productType = "com.apple.product-type.application";
		};
/* End PBXNativeTarget section */

/* Begin PBXProject section */
		2C68BD791FFC138A0066C9A9 /* Project object */ = {
			isa = PBXProject;
			attributes = {
				LastSwiftUpdateCheck = 0920;
				LastUpgradeCheck = 0920;
				ORGANIZATIONNAME = dequin;
				TargetAttributes = {
					2C68BD801FFC138A0066C9A9 = {
						CreatedOnToolsVersion = 9.2;
						ProvisioningStyle = Manual;
					};
				};
			};
			buildConfigurationList = 2C68BD7C1FFC138A0066C9A9 /* Build configuration list for PBXProject "Filtering WkView" */;
			compatibilityVersion = "Xcode 8.0";
			developmentRegion = en;
			hasScannedForEncodings = 0;
			knownRegions = (
				en,
				Base,
			);
			mainGroup = 2C68BD781FFC138A0066C9A9;
			productRefGroup = 2C68BD821FFC138A0066C9A9 /* Products */;
			projectDirPath = "";
			projectRoot = "";
			targets = (
				2C68BD801FFC138A0066C9A9 /* Filtering WkView */,
			);
		};
/* End PBXProject section */

/* Begin PBXResourcesBuildPhase section */
		2C68BD7F1FFC138A0066C9A9 /* Resources */ = {
			isa = PBXResourcesBuildPhase;
			buildActionMask = 2147483647;
			files = (
				2C68BD8F1FFC138A0066C9A9 /* LaunchScreen.storyboard in Resources */,
				2C68BD8C1FFC138A0066C9A9 /* Assets.xcassets in Resources */,
				2C68BD8A1FFC138A0066C9A9 /* Main.storyboard in Resources */,
			);
			runOnlyForDeploymentPostprocessing = 0;
		};
/* End PBXResourcesBuildPhase section */

/* Begin PBXSourcesBuildPhase section */
		2C68BD7D1FFC138A0066C9A9 /* Sources */ = {
			isa = PBXSourcesBuildPhase;
			buildActionMask = 2147483647;
			files = (
				2C68BD871FFC138A0066C9A9 /* ViewController.swift in Sources */,
				2C2961D61FFC69E10029FE99 /* Blocker.swift in Sources */,
				2C68BD851FFC138A0066C9A9 /* AppDelegate.swift in Sources */,
			);
			runOnlyForDeploymentPostprocessing = 0;
		};
/* End PBXSourcesBuildPhase section */

/* Begin PBXVariantGroup section */
		2C68BD881FFC138A0066C9A9 /* Main.storyboard */ = {
			isa = PBXVariantGroup;
			children = (
				2C68BD891FFC138A0066C9A9 /* Base */,
			);
			name = Main.storyboard;
			sourceTree = "<group>";
		};
		2C68BD8D1FFC138A0066C9A9 /* LaunchScreen.storyboard */ = {
			isa = PBXVariantGroup;
			children = (
				2C68BD8E1FFC138A0066C9A9 /* Base */,
			);
			name = LaunchScreen.storyboard;
			sourceTree = "<group>";
		};
/* End PBXVariantGroup section */

/* Begin XCBuildConfiguration section */
		2C68BD911FFC138A0066C9A9 /* Debug */ = {
			isa = XCBuildConfiguration;
			buildSettings = {
				ALWAYS_SEARCH_USER_PATHS = NO;
				CLANG_ANALYZER_NONNULL = YES;
				CLANG_ANALYZER_NUMBER_OBJECT_CONVERSION = YES_AGGRESSIVE;
				CLANG_CXX_LANGUAGE_STANDARD = "gnu++14";
				CLANG_CXX_LIBRARY = "libc++";
				CLANG_ENABLE_MODULES = YES;
				CLANG_ENABLE_OBJC_ARC = YES;
				CLANG_WARN_BLOCK_CAPTURE_AUTORELEASING = YES;
				CLANG_WARN_BOOL_CONVERSION = YES;
				CLANG_WARN_COMMA = YES;
				CLANG_WARN_CONSTANT_CONVERSION = YES;
				CLANG_WARN_DIRECT_OBJC_ISA_USAGE = YES_ERROR;
				CLANG_WARN_DOCUMENTATION_COMMENTS = YES;
				CLANG_WARN_EMPTY_BODY = YES;
				CLANG_WARN_ENUM_CONVERSION = YES;
				CLANG_WARN_INFINITE_RECURSION = YES;
				CLANG_WARN_INT_CONVERSION = YES;
				CLANG_WARN_NON_LITERAL_NULL_CONVERSION = YES;
				CLANG_WARN_OBJC_LITERAL_CONVERSION = YES;
				CLANG_WARN_OBJC_ROOT_CLASS = YES_ERROR;
				CLANG_WARN_RANGE_LOOP_ANALYSIS = YES;
				CLANG_WARN_STRICT_PROTOTYPES = YES;
				CLANG_WARN_SUSPICIOUS_MOVE = YES;
				CLANG_WARN_UNGUARDED_AVAILABILITY = YES_AGGRESSIVE;
				CLANG_WARN_UNREACHABLE_CODE = YES;
				CLANG_WARN__DUPLICATE_METHOD_MATCH = YES;
				CODE_SIGN_IDENTITY = "iPhone Developer";
				COPY_PHASE_STRIP = NO;
				DEBUG_INFORMATION_FORMAT = dwarf;
				ENABLE_STRICT_OBJC_MSGSEND = YES;
				ENABLE_TESTABILITY = YES;
				GCC_C_LANGUAGE_STANDARD = gnu11;
				GCC_DYNAMIC_NO_PIC = NO;
				GCC_NO_COMMON_BLOCKS = YES;
				GCC_OPTIMIZATION_LEVEL = 0;
				GCC_PREPROCESSOR_DEFINITIONS = (
					"DEBUG=1",
					"$(inherited)",
				);
				GCC_WARN_64_TO_32_BIT_CONVERSION = YES;
				GCC_WARN_ABOUT_RETURN_TYPE = YES_ERROR;
				GCC_WARN_UNDECLARED_SELECTOR = YES;
				GCC_WARN_UNINITIALIZED_AUTOS = YES_AGGRESSIVE;
				GCC_WARN_UNUSED_FUNCTION = YES;
				GCC_WARN_UNUSED_VARIABLE = YES;
				IPHONEOS_DEPLOYMENT_TARGET = 11.2;
				MTL_ENABLE_DEBUG_INFO = YES;
				ONLY_ACTIVE_ARCH = YES;
				SDKROOT = iphoneos;
				SWIFT_ACTIVE_COMPILATION_CONDITIONS = DEBUG;
				SWIFT_OPTIMIZATION_LEVEL = "-Onone";
			};
			name = Debug;
		};
		2C68BD921FFC138A0066C9A9 /* Release */ = {
			isa = XCBuildConfiguration;
			buildSettings = {
				ALWAYS_SEARCH_USER_PATHS = NO;
				CLANG_ANALYZER_NONNULL = YES;
				CLANG_ANALYZER_NUMBER_OBJECT_CONVERSION = YES_AGGRESSIVE;
				CLANG_CXX_LANGUAGE_STANDARD = "gnu++14";
				CLANG_CXX_LIBRARY = "libc++";
				CLANG_ENABLE_MODULES = YES;
				CLANG_ENABLE_OBJC_ARC = YES;
				CLANG_WARN_BLOCK_CAPTURE_AUTORELEASING = YES;
				CLANG_WARN_BOOL_CONVERSION = YES;
				CLANG_WARN_COMMA = YES;
				CLANG_WARN_CONSTANT_CONVERSION = YES;
				CLANG_WARN_DIRECT_OBJC_ISA_USAGE = YES_ERROR;
				CLANG_WARN_DOCUMENTATION_COMMENTS = YES;
				CLANG_WARN_EMPTY_BODY = YES;
				CLANG_WARN_ENUM_CONVERSION = YES;
				CLANG_WARN_INFINITE_RECURSION = YES;
				CLANG_WARN_INT_CONVERSION = YES;
				CLANG_WARN_NON_LITERAL_NULL_CONVERSION = YES;
				CLANG_WARN_OBJC_LITERAL_CONVERSION = YES;
				CLANG_WARN_OBJC_ROOT_CLASS = YES_ERROR;
				CLANG_WARN_RANGE_LOOP_ANALYSIS = YES;
				CLANG_WARN_STRICT_PROTOTYPES = YES;
				CLANG_WARN_SUSPICIOUS_MOVE = YES;
				CLANG_WARN_UNGUARDED_AVAILABILITY = YES_AGGRESSIVE;
				CLANG_WARN_UNREACHABLE_CODE = YES;
				CLANG_WARN__DUPLICATE_METHOD_MATCH = YES;
				CODE_SIGN_IDENTITY = "iPhone Developer";
				COPY_PHASE_STRIP = NO;
				DEBUG_INFORMATION_FORMAT = "dwarf-with-dsym";
				ENABLE_NS_ASSERTIONS = NO;
				ENABLE_STRICT_OBJC_MSGSEND = YES;
				GCC_C_LANGUAGE_STANDARD = gnu11;
				GCC_NO_COMMON_BLOCKS = YES;
				GCC_WARN_64_TO_32_BIT_CONVERSION = YES;
				GCC_WARN_ABOUT_RETURN_TYPE = YES_ERROR;
				GCC_WARN_UNDECLARED_SELECTOR = YES;
				GCC_WARN_UNINITIALIZED_AUTOS = YES_AGGRESSIVE;
				GCC_WARN_UNUSED_FUNCTION = YES;
				GCC_WARN_UNUSED_VARIABLE = YES;
				IPHONEOS_DEPLOYMENT_TARGET = 11.2;
				MTL_ENABLE_DEBUG_INFO = NO;
				SDKROOT = iphoneos;
				SWIFT_OPTIMIZATION_LEVEL = "-Owholemodule";
				VALIDATE_PRODUCT = YES;
			};
			name = Release;
		};
		2C68BD941FFC138A0066C9A9 /* Debug */ = {
			isa = XCBuildConfiguration;
			buildSettings = {
				ASSETCATALOG_COMPILER_APPICON_NAME = AppIcon;
				CODE_SIGN_STYLE = Manual;
				DEVELOPMENT_TEAM = "";
				INFOPLIST_FILE = "Filtering WkView/Info.plist";
				LD_RUNPATH_SEARCH_PATHS = "$(inherited) @executable_path/Frameworks";
				PRODUCT_BUNDLE_IDENTIFIER = "dequin.cl.Filtering-WkView";
				PRODUCT_NAME = "$(TARGET_NAME)";
				PROVISIONING_PROFILE_SPECIFIER = "";
				SWIFT_VERSION = 4.0;
				TARGETED_DEVICE_FAMILY = "1,2";
			};
			name = Debug;
		};
		2C68BD951FFC138A0066C9A9 /* Release */ = {
			isa = XCBuildConfiguration;
			buildSettings = {
				ASSETCATALOG_COMPILER_APPICON_NAME = AppIcon;
				CODE_SIGN_STYLE = Manual;
				DEVELOPMENT_TEAM = "";
				INFOPLIST_FILE = "Filtering WkView/Info.plist";
				LD_RUNPATH_SEARCH_PATHS = "$(inherited) @executable_path/Frameworks";
				PRODUCT_BUNDLE_IDENTIFIER = "dequin.cl.Filtering-WkView";
				PRODUCT_NAME = "$(TARGET_NAME)";
				PROVISIONING_PROFILE_SPECIFIER = "";
				SWIFT_VERSION = 4.0;
				TARGETED_DEVICE_FAMILY = "1,2";
			};
			name = Release;
		};
/* End XCBuildConfiguration section */

/* Begin XCConfigurationList section */
		2C68BD7C1FFC138A0066C9A9 /* Build configuration list for PBXProject "Filtering WkView" */ = {
			isa = XCConfigurationList;
			buildConfigurations = (
				2C68BD911FFC138A0066C9A9 /* Debug */,
				2C68BD921FFC138A0066C9A9 /* Release */,
			);
			defaultConfigurationIsVisible = 0;
			defaultConfigurationName = Release;
		};
		2C68BD931FFC138A0066C9A9 /* Build configuration list for PBXNativeTarget "Filtering WkView" */ = {
			isa = XCConfigurationList;
			buildConfigurations = (
				2C68BD941FFC138A0066C9A9 /* Debug */,
				2C68BD951FFC138A0066C9A9 /* Release */,
			);
			defaultConfigurationIsVisible = 0;
			defaultConfigurationName = Release;
		};
/* End XCConfigurationList section */
	};
	rootObject = 2C68BD791FFC138A0066C9A9 /* Project object */;
}
